// !$*UTF8*$!
{
	archiveVersion = 1;
	classes = {
	};
	objectVersion = 52;
	objects = {

/* Begin PBXBuildFile section */
		7C13FB682483E5FC0029E287 /* Subscription.swift in Sources */ = {isa = PBXBuildFile; fileRef = 7C13FB672483E5FC0029E287 /* Subscription.swift */; };
		7C17D0612475A4F300BD158E /* ServiceLocator.swift in Sources */ = {isa = PBXBuildFile; fileRef = 7C17D0602475A4F300BD158E /* ServiceLocator.swift */; };
		7C35EE4D2460CBD30029DA95 /* AppDelegate.swift in Sources */ = {isa = PBXBuildFile; fileRef = 7C35EE4C2460CBD30029DA95 /* AppDelegate.swift */; };
		7C35EE4F2460CBD30029DA95 /* SceneDelegate.swift in Sources */ = {isa = PBXBuildFile; fileRef = 7C35EE4E2460CBD30029DA95 /* SceneDelegate.swift */; };
		7C35EE562460CBD50029DA95 /* Assets.xcassets in Resources */ = {isa = PBXBuildFile; fileRef = 7C35EE552460CBD50029DA95 /* Assets.xcassets */; };
		7C35EE592460CBD50029DA95 /* LaunchScreen.storyboard in Resources */ = {isa = PBXBuildFile; fileRef = 7C35EE572460CBD50029DA95 /* LaunchScreen.storyboard */; };
		7C35EE612460CC0E0029DA95 /* MainTabBarController.swift in Sources */ = {isa = PBXBuildFile; fileRef = 7C35EE602460CC0E0029DA95 /* MainTabBarController.swift */; };
		7C35EE642460D63D0029DA95 /* PodcastsSearchController.swift in Sources */ = {isa = PBXBuildFile; fileRef = 7C35EE632460D63D0029DA95 /* PodcastsSearchController.swift */; };
		7C35EE672460D6C30029DA95 /* Podcast.swift in Sources */ = {isa = PBXBuildFile; fileRef = 7C35EE662460D6C30029DA95 /* Podcast.swift */; };
		7C3654C32475D0F200EB68C4 /* DownloadedEpisodesController.swift in Sources */ = {isa = PBXBuildFile; fileRef = 7C3654C22475D0F200EB68C4 /* DownloadedEpisodesController.swift */; };
		7C3654C82475FB7900EB68C4 /* FileSystemRecordsStorage.swift in Sources */ = {isa = PBXBuildFile; fileRef = 7C3654C72475FB7900EB68C4 /* FileSystemRecordsStorage.swift */; };
		7C3654CC2475FE2E00EB68C4 /* PodcastsSearchViewModel.swift in Sources */ = {isa = PBXBuildFile; fileRef = 7C3654CB2475FE2E00EB68C4 /* PodcastsSearchViewModel.swift */; };
		7C3654CE2475FE4700EB68C4 /* FavoritePodcastsModel.swift in Sources */ = {isa = PBXBuildFile; fileRef = 7C3654CD2475FE4700EB68C4 /* FavoritePodcastsModel.swift */; };
		7C3654D02475FE8E00EB68C4 /* Array.swift in Sources */ = {isa = PBXBuildFile; fileRef = 7C3654CF2475FE8E00EB68C4 /* Array.swift */; };
		7C3654DF24774A8100EB68C4 /* UIImage.swift in Sources */ = {isa = PBXBuildFile; fileRef = 7C3654DE24774A8100EB68C4 /* UIImage.swift */; };
		7C3F93FA2490021500835B7D /* AsyncOperationCanceller.swift in Sources */ = {isa = PBXBuildFile; fileRef = 7C3F93F92490021500835B7D /* AsyncOperationCanceller.swift */; };
		7C3F93FC249015F100835B7D /* TrackListPlaying.swift in Sources */ = {isa = PBXBuildFile; fileRef = 7C3F93FB249015F100835B7D /* TrackListPlaying.swift */; };
		7C3F94002491852D00835B7D /* Subscribers.swift in Sources */ = {isa = PBXBuildFile; fileRef = 7C3F93FF2491852D00835B7D /* Subscribers.swift */; };
		7C3F94022491A2A700835B7D /* EpisodeRecordStoraging.swift in Sources */ = {isa = PBXBuildFile; fileRef = 7C3F94012491A2A700835B7D /* EpisodeRecordStoraging.swift */; };
		7C466D3A2460FEF70014D33A /* ITunesService.swift in Sources */ = {isa = PBXBuildFile; fileRef = 7C466D392460FEF70014D33A /* ITunesService.swift */; };
		7C466D3D246186DE0014D33A /* PodcastCell.xib in Resources */ = {isa = PBXBuildFile; fileRef = 7C466D3C246186DE0014D33A /* PodcastCell.xib */; };
		7C466D3F246188E10014D33A /* PodcastCell.swift in Sources */ = {isa = PBXBuildFile; fileRef = 7C466D3E246188E10014D33A /* PodcastCell.swift */; };
		7C466D412461E6860014D33A /* EpisodesController.swift in Sources */ = {isa = PBXBuildFile; fileRef = 7C466D402461E6860014D33A /* EpisodesController.swift */; };
		7C466D47246204F90014D33A /* EpisodeCell.swift in Sources */ = {isa = PBXBuildFile; fileRef = 7C466D45246204F90014D33A /* EpisodeCell.swift */; };
		7C466D48246204F90014D33A /* EpisodeCell.xib in Resources */ = {isa = PBXBuildFile; fileRef = 7C466D46246204F90014D33A /* EpisodeCell.xib */; };
		7C466D4A246205C10014D33A /* Episode.swift in Sources */ = {isa = PBXBuildFile; fileRef = 7C466D49246205C10014D33A /* Episode.swift */; };
		7C466D4D246214E90014D33A /* URL.swift in Sources */ = {isa = PBXBuildFile; fileRef = 7C466D4C246214E90014D33A /* URL.swift */; };
		7C466D4F246216530014D33A /* RSSFeed.swift in Sources */ = {isa = PBXBuildFile; fileRef = 7C466D4E246216530014D33A /* RSSFeed.swift */; };
		7C643729249E1F590090BAE8 /* PodcastCellViewModel.swift in Sources */ = {isa = PBXBuildFile; fileRef = 7C643728249E1F590090BAE8 /* PodcastCellViewModel.swift */; };
		7C6BAD4C249E38D2005B6761 /* UISearchController.swift in Sources */ = {isa = PBXBuildFile; fileRef = 7C6BAD4B249E38D2005B6761 /* UISearchController.swift */; };
		7C6BAD5024A104FB005B6761 /* FavoritesPodcastController.swift in Sources */ = {isa = PBXBuildFile; fileRef = 7C6BAD4F24A104FB005B6761 /* FavoritesPodcastController.swift */; };
		7CA423A924678874009C4A18 /* MinimizePlayerView.xib in Resources */ = {isa = PBXBuildFile; fileRef = 7CA423A824678874009C4A18 /* MinimizePlayerView.xib */; };
		7CA423AB246788B0009C4A18 /* MinimizePlayerView.swift in Sources */ = {isa = PBXBuildFile; fileRef = 7CA423AA246788B0009C4A18 /* MinimizePlayerView.swift */; };
		7CA423AD246788BB009C4A18 /* MaximizePlayerView.swift in Sources */ = {isa = PBXBuildFile; fileRef = 7CA423AC246788BB009C4A18 /* MaximizePlayerView.swift */; };
		7CAA5DFE2473029400ADD087 /* FavoritePodcastCell.swift in Sources */ = {isa = PBXBuildFile; fileRef = 7CAA5DFD2473029400ADD087 /* FavoritePodcastCell.swift */; };
		7CAA5E0524732E2300ADD087 /* UserDefaultsFavoritePodcastStorage.swift in Sources */ = {isa = PBXBuildFile; fileRef = 7CAA5E0424732E2300ADD087 /* UserDefaultsFavoritePodcastStorage.swift */; };
		7CDB722924797EB600EF487D /* Main.storyboard in Resources */ = {isa = PBXBuildFile; fileRef = 7CDB722824797EB600EF487D /* Main.storyboard */; };
		7CDCCB4F24A366DE00E26752 /* ImageFetcher.swift in Sources */ = {isa = PBXBuildFile; fileRef = 7CDCCB4E24A366DE00E26752 /* ImageFetcher.swift */; };
		7CDCCB5124A36EC900E26752 /* Cache.swift in Sources */ = {isa = PBXBuildFile; fileRef = 7CDCCB5024A36EC900E26752 /* Cache.swift */; };
		7CDCCB5324A3934E00E26752 /* AsyncImageView.swift in Sources */ = {isa = PBXBuildFile; fileRef = 7CDCCB5224A3934E00E26752 /* AsyncImageView.swift */; };
		7CDCCB5524A39E2200E26752 /* DefferedBlock.swift in Sources */ = {isa = PBXBuildFile; fileRef = 7CDCCB5424A39E2200E26752 /* DefferedBlock.swift */; };
		7CEC7A712485AB30008FB3FC /* downsample.swift in Sources */ = {isa = PBXBuildFile; fileRef = 7CEC7A702485AB30008FB3FC /* downsample.swift */; };
		7CEC7A752485BF46008FB3FC /* Caching.swift in Sources */ = {isa = PBXBuildFile; fileRef = 7CEC7A742485BF46008FB3FC /* Caching.swift */; };
		7CEC7A772485C497008FB3FC /* FileSystemLRUCache.swift in Sources */ = {isa = PBXBuildFile; fileRef = 7CEC7A762485C497008FB3FC /* FileSystemLRUCache.swift */; };
		7CEC7A792485C4BA008FB3FC /* AnyCache.swift in Sources */ = {isa = PBXBuildFile; fileRef = 7CEC7A782485C4BA008FB3FC /* AnyCache.swift */; };
		7CEC7A80248711BB008FB3FC /* EpisodesViewModel.swift in Sources */ = {isa = PBXBuildFile; fileRef = 7CEC7A7F248711BB008FB3FC /* EpisodesViewModel.swift */; };
		7CEC7A82248711C6008FB3FC /* EpisodeCellViewModel.swift in Sources */ = {isa = PBXBuildFile; fileRef = 7CEC7A81248711C6008FB3FC /* EpisodeCellViewModel.swift */; };
		7CEC7A8424871216008FB3FC /* EpisodeModel.swift in Sources */ = {isa = PBXBuildFile; fileRef = 7CEC7A8324871216008FB3FC /* EpisodeModel.swift */; };
		7CEC7A8624871655008FB3FC /* FavoriteButtonItem.swift in Sources */ = {isa = PBXBuildFile; fileRef = 7CEC7A8524871655008FB3FC /* FavoriteButtonItem.swift */; };
		7CEC7A8824871B67008FB3FC /* executeOnce.swift in Sources */ = {isa = PBXBuildFile; fileRef = 7CEC7A8724871B67008FB3FC /* executeOnce.swift */; };
		7CEC7A8A248720C0008FB3FC /* Atomic.swift in Sources */ = {isa = PBXBuildFile; fileRef = 7CEC7A89248720C0008FB3FC /* Atomic.swift */; };
		7CEDAD6A2470247300DACFE5 /* AppPlayerViewAnimations.swift in Sources */ = {isa = PBXBuildFile; fileRef = 7CEDAD692470247300DACFE5 /* AppPlayerViewAnimations.swift */; };
		7CEF30222468D3CC0045AB91 /* LockScreenPlayerController.swift in Sources */ = {isa = PBXBuildFile; fileRef = 7CEF30212468D3CC0045AB91 /* LockScreenPlayerController.swift */; };
		7CEF30242468D3DC0045AB91 /* MediaCenterPlayerController.swift in Sources */ = {isa = PBXBuildFile; fileRef = 7CEF30232468D3DC0045AB91 /* MediaCenterPlayerController.swift */; };
		7CEF30262468D4CA0045AB91 /* Player.swift in Sources */ = {isa = PBXBuildFile; fileRef = 7CEF30252468D4CA0045AB91 /* Player.swift */; };
		7CEF3045246934B80045AB91 /* EpisodesModel.swift in Sources */ = {isa = PBXBuildFile; fileRef = 7CEF3044246934B80045AB91 /* EpisodesModel.swift */; };
		7CF237B524622F8F00B7A09F /* MaximizePlayerView.xib in Resources */ = {isa = PBXBuildFile; fileRef = 7CF237B424622F8F00B7A09F /* MaximizePlayerView.xib */; };
		7CF237B7246364CE00B7A09F /* AppPlayerController.swift in Sources */ = {isa = PBXBuildFile; fileRef = 7CF237B6246364CE00B7A09F /* AppPlayerController.swift */; };
		7CF237BB2466529300B7A09F /* CMTime.swift in Sources */ = {isa = PBXBuildFile; fileRef = 7CF237BA2466529300B7A09F /* CMTime.swift */; };
		7CF237BD246779AE00B7A09F /* AppPlayerView.swift in Sources */ = {isa = PBXBuildFile; fileRef = 7CF237BC246779AE00B7A09F /* AppPlayerView.swift */; };
		7CF33CF124794D8C0013E9FA /* EpisodeRecordRepository.swift in Sources */ = {isa = PBXBuildFile; fileRef = 7CF33CF024794D8C0013E9FA /* EpisodeRecordRepository.swift */; };
		7CF4788C2491AD3E0067D437 /* EpisodeRecordDescriptor.swift in Sources */ = {isa = PBXBuildFile; fileRef = 7CF4788B2491AD3E0067D437 /* EpisodeRecordDescriptor.swift */; };
		7CF4788E249A93940067D437 /* FavoritePodcastsViewModel.swift in Sources */ = {isa = PBXBuildFile; fileRef = 7CF4788D249A93940067D437 /* FavoritePodcastsViewModel.swift */; };
		7CF47890249A93D90067D437 /* FavoritePodcastCellViewModel.swift in Sources */ = {isa = PBXBuildFile; fileRef = 7CF4788F249A93D90067D437 /* FavoritePodcastCellViewModel.swift */; };
		7CF47892249E02A70067D437 /* DownloadedEpisodesViewModel.swift in Sources */ = {isa = PBXBuildFile; fileRef = 7CF47891249E02A70067D437 /* DownloadedEpisodesViewModel.swift */; };
		7CFF66FF24AB9C55007B80FA /* PromiseKit in Frameworks */ = {isa = PBXBuildFile; productRef = 7CFF66FE24AB9C55007B80FA /* PromiseKit */; };
		7CFF670224AB9C64007B80FA /* FeedKit in Frameworks */ = {isa = PBXBuildFile; productRef = 7CFF670124AB9C64007B80FA /* FeedKit */; };
		7CFF670424ACE820007B80FA /* EpisodeRecordFetching.swift in Sources */ = {isa = PBXBuildFile; fileRef = 7CFF670324ACE820007B80FA /* EpisodeRecordFetching.swift */; };
		7CFF671424BCFC24007B80FA /* URLComponents.swift in Sources */ = {isa = PBXBuildFile; fileRef = 7CFF671324BCFC24007B80FA /* URLComponents.swift */; };
		7CFF671624BCFC7B007B80FA /* RecordDownloader.swift in Sources */ = {isa = PBXBuildFile; fileRef = 7CFF671524BCFC7B007B80FA /* RecordDownloader.swift */; };
		7CFF671824BF6FC7007B80FA /* TrackList.swift in Sources */ = {isa = PBXBuildFile; fileRef = 7CFF671724BF6FC7007B80FA /* TrackList.swift */; };
		7CFF671A24BF6FF4007B80FA /* Track.swift in Sources */ = {isa = PBXBuildFile; fileRef = 7CFF671924BF6FF4007B80FA /* Track.swift */; };
		B9112CDF2492241F00E0995E /* PlayingTrackManaging.swift in Sources */ = {isa = PBXBuildFile; fileRef = B9112CDE2492241F00E0995E /* PlayingTrackManaging.swift */; };
		B9112CE12492263700E0995E /* DownloadedEpisodesModel.swift in Sources */ = {isa = PBXBuildFile; fileRef = B9112CE02492263700E0995E /* DownloadedEpisodesModel.swift */; };
		B913BFAF24BD953900115A03 /* URLSessionScheduler.swift in Sources */ = {isa = PBXBuildFile; fileRef = B913BFAE24BD953900115A03 /* URLSessionScheduler.swift */; };
		B913BFB124BD958600115A03 /* URLSessionSchedulable.swift in Sources */ = {isa = PBXBuildFile; fileRef = B913BFB024BD958600115A03 /* URLSessionSchedulable.swift */; };
		B91E6D80248A657100019AEC /* FavoritePodcastsStoraging.swift in Sources */ = {isa = PBXBuildFile; fileRef = B91E6D7F248A657100019AEC /* FavoritePodcastsStoraging.swift */; };
		B91E6D86248A6A7E00019AEC /* EpisodeFetching.swift in Sources */ = {isa = PBXBuildFile; fileRef = B91E6D85248A6A7E00019AEC /* EpisodeFetching.swift */; };
		B91E6D88248A6A8A00019AEC /* PodcastFetching.swift in Sources */ = {isa = PBXBuildFile; fileRef = B91E6D87248A6A8A00019AEC /* PodcastFetching.swift */; };
		B91E6D92248A6F9200019AEC /* EpisodeRecordRepositoring.swift in Sources */ = {isa = PBXBuildFile; fileRef = B91E6D91248A6F9200019AEC /* EpisodeRecordRepositoring.swift */; };
		B9685B7C24A1E8FC0030DCAF /* DownloadedEpisodeCellViewModel.swift in Sources */ = {isa = PBXBuildFile; fileRef = B9685B7B24A1E8FC0030DCAF /* DownloadedEpisodeCellViewModel.swift */; };
		B9685B7E24A1ECEF0030DCAF /* _EpisodeCellViewModel.swift in Sources */ = {isa = PBXBuildFile; fileRef = B9685B7D24A1ECEF0030DCAF /* _EpisodeCellViewModel.swift */; };
		B993FF1B249BB61200635B22 /* EpisodeCellOutput.swift in Sources */ = {isa = PBXBuildFile; fileRef = B993FF1A249BB61200635B22 /* EpisodeCellOutput.swift */; };
		B9958CAD2480FC8E00963BF0 /* TabBarAnimations.swift in Sources */ = {isa = PBXBuildFile; fileRef = B9958CAC2480FC8E00963BF0 /* TabBarAnimations.swift */; };
		B9B121F224C02FF900A98D32 /* RecordDownloader+URLSessionSchedulable.swift in Sources */ = {isa = PBXBuildFile; fileRef = B9B121F124C02FF900A98D32 /* RecordDownloader+URLSessionSchedulable.swift */; };
		B9B121F524C0303B00A98D32 /* RecordDownloader+URLSessionDownloadDelegate.swift in Sources */ = {isa = PBXBuildFile; fileRef = B9B121F424C0303B00A98D32 /* RecordDownloader+URLSessionDownloadDelegate.swift */; };
		B9B3E64D24C070B700CDFD10 /* NetworkReachability.swift in Sources */ = {isa = PBXBuildFile; fileRef = B9B3E64C24C070B700CDFD10 /* NetworkReachability.swift */; };
		B9B3E65024C071B100CDFD10 /* Reachability in Frameworks */ = {isa = PBXBuildFile; productRef = B9B3E64F24C071B100CDFD10 /* Reachability */; };
		B9E57DF7247D4B560009A8E4 /* OrderedDictionary.swift in Sources */ = {isa = PBXBuildFile; fileRef = B9E57DF6247D4B560009A8E4 /* OrderedDictionary.swift */; };
/* End PBXBuildFile section */

/* Begin PBXFileReference section */
		7C13FB672483E5FC0029E287 /* Subscription.swift */ = {isa = PBXFileReference; lastKnownFileType = sourcecode.swift; path = Subscription.swift; sourceTree = "<group>"; };
		7C17D0602475A4F300BD158E /* ServiceLocator.swift */ = {isa = PBXFileReference; lastKnownFileType = sourcecode.swift; path = ServiceLocator.swift; sourceTree = "<group>"; };
		7C35EE492460CBD30029DA95 /* Podcasts.app */ = {isa = PBXFileReference; explicitFileType = wrapper.application; includeInIndex = 0; path = Podcasts.app; sourceTree = BUILT_PRODUCTS_DIR; };
		7C35EE4C2460CBD30029DA95 /* AppDelegate.swift */ = {isa = PBXFileReference; lastKnownFileType = sourcecode.swift; path = AppDelegate.swift; sourceTree = "<group>"; };
		7C35EE4E2460CBD30029DA95 /* SceneDelegate.swift */ = {isa = PBXFileReference; lastKnownFileType = sourcecode.swift; path = SceneDelegate.swift; sourceTree = "<group>"; };
		7C35EE552460CBD50029DA95 /* Assets.xcassets */ = {isa = PBXFileReference; lastKnownFileType = folder.assetcatalog; path = Assets.xcassets; sourceTree = "<group>"; };
		7C35EE582460CBD50029DA95 /* Base */ = {isa = PBXFileReference; lastKnownFileType = file.storyboard; name = Base; path = Base.lproj/LaunchScreen.storyboard; sourceTree = "<group>"; };
		7C35EE5A2460CBD50029DA95 /* Info.plist */ = {isa = PBXFileReference; lastKnownFileType = text.plist.xml; path = Info.plist; sourceTree = "<group>"; };
		7C35EE602460CC0E0029DA95 /* MainTabBarController.swift */ = {isa = PBXFileReference; lastKnownFileType = sourcecode.swift; path = MainTabBarController.swift; sourceTree = "<group>"; };
		7C35EE632460D63D0029DA95 /* PodcastsSearchController.swift */ = {isa = PBXFileReference; lastKnownFileType = sourcecode.swift; path = PodcastsSearchController.swift; sourceTree = "<group>"; };
		7C35EE662460D6C30029DA95 /* Podcast.swift */ = {isa = PBXFileReference; lastKnownFileType = sourcecode.swift; path = Podcast.swift; sourceTree = "<group>"; };
		7C3654C22475D0F200EB68C4 /* DownloadedEpisodesController.swift */ = {isa = PBXFileReference; lastKnownFileType = sourcecode.swift; path = DownloadedEpisodesController.swift; sourceTree = "<group>"; };
		7C3654C72475FB7900EB68C4 /* FileSystemRecordsStorage.swift */ = {isa = PBXFileReference; lastKnownFileType = sourcecode.swift; path = FileSystemRecordsStorage.swift; sourceTree = "<group>"; };
		7C3654CB2475FE2E00EB68C4 /* PodcastsSearchViewModel.swift */ = {isa = PBXFileReference; lastKnownFileType = sourcecode.swift; path = PodcastsSearchViewModel.swift; sourceTree = "<group>"; };
		7C3654CD2475FE4700EB68C4 /* FavoritePodcastsModel.swift */ = {isa = PBXFileReference; lastKnownFileType = sourcecode.swift; path = FavoritePodcastsModel.swift; sourceTree = "<group>"; };
		7C3654CF2475FE8E00EB68C4 /* Array.swift */ = {isa = PBXFileReference; lastKnownFileType = sourcecode.swift; path = Array.swift; sourceTree = "<group>"; };
		7C3654DE24774A8100EB68C4 /* UIImage.swift */ = {isa = PBXFileReference; lastKnownFileType = sourcecode.swift; path = UIImage.swift; sourceTree = "<group>"; };
		7C3F93F92490021500835B7D /* AsyncOperationCanceller.swift */ = {isa = PBXFileReference; lastKnownFileType = sourcecode.swift; path = AsyncOperationCanceller.swift; sourceTree = "<group>"; };
		7C3F93FB249015F100835B7D /* TrackListPlaying.swift */ = {isa = PBXFileReference; lastKnownFileType = sourcecode.swift; path = TrackListPlaying.swift; sourceTree = "<group>"; };
		7C3F93FF2491852D00835B7D /* Subscribers.swift */ = {isa = PBXFileReference; lastKnownFileType = sourcecode.swift; path = Subscribers.swift; sourceTree = "<group>"; };
		7C3F94012491A2A700835B7D /* EpisodeRecordStoraging.swift */ = {isa = PBXFileReference; lastKnownFileType = sourcecode.swift; path = EpisodeRecordStoraging.swift; sourceTree = "<group>"; };
		7C466D392460FEF70014D33A /* ITunesService.swift */ = {isa = PBXFileReference; lastKnownFileType = sourcecode.swift; path = ITunesService.swift; sourceTree = "<group>"; };
		7C466D3C246186DE0014D33A /* PodcastCell.xib */ = {isa = PBXFileReference; lastKnownFileType = file.xib; path = PodcastCell.xib; sourceTree = "<group>"; };
		7C466D3E246188E10014D33A /* PodcastCell.swift */ = {isa = PBXFileReference; lastKnownFileType = sourcecode.swift; path = PodcastCell.swift; sourceTree = "<group>"; };
		7C466D402461E6860014D33A /* EpisodesController.swift */ = {isa = PBXFileReference; lastKnownFileType = sourcecode.swift; path = EpisodesController.swift; sourceTree = "<group>"; };
		7C466D45246204F90014D33A /* EpisodeCell.swift */ = {isa = PBXFileReference; lastKnownFileType = sourcecode.swift; path = EpisodeCell.swift; sourceTree = "<group>"; };
		7C466D46246204F90014D33A /* EpisodeCell.xib */ = {isa = PBXFileReference; lastKnownFileType = file.xib; path = EpisodeCell.xib; sourceTree = "<group>"; };
		7C466D49246205C10014D33A /* Episode.swift */ = {isa = PBXFileReference; lastKnownFileType = sourcecode.swift; path = Episode.swift; sourceTree = "<group>"; };
		7C466D4C246214E90014D33A /* URL.swift */ = {isa = PBXFileReference; lastKnownFileType = sourcecode.swift; path = URL.swift; sourceTree = "<group>"; };
		7C466D4E246216530014D33A /* RSSFeed.swift */ = {isa = PBXFileReference; lastKnownFileType = sourcecode.swift; path = RSSFeed.swift; sourceTree = "<group>"; };
		7C643728249E1F590090BAE8 /* PodcastCellViewModel.swift */ = {isa = PBXFileReference; lastKnownFileType = sourcecode.swift; path = PodcastCellViewModel.swift; sourceTree = "<group>"; };
		7C6BAD4B249E38D2005B6761 /* UISearchController.swift */ = {isa = PBXFileReference; lastKnownFileType = sourcecode.swift; path = UISearchController.swift; sourceTree = "<group>"; };
		7C6BAD4F24A104FB005B6761 /* FavoritesPodcastController.swift */ = {isa = PBXFileReference; fileEncoding = 4; lastKnownFileType = sourcecode.swift; path = FavoritesPodcastController.swift; sourceTree = "<group>"; };
		7CA423A824678874009C4A18 /* MinimizePlayerView.xib */ = {isa = PBXFileReference; lastKnownFileType = file.xib; path = MinimizePlayerView.xib; sourceTree = "<group>"; };
		7CA423AA246788B0009C4A18 /* MinimizePlayerView.swift */ = {isa = PBXFileReference; lastKnownFileType = sourcecode.swift; path = MinimizePlayerView.swift; sourceTree = "<group>"; };
		7CA423AC246788BB009C4A18 /* MaximizePlayerView.swift */ = {isa = PBXFileReference; lastKnownFileType = sourcecode.swift; path = MaximizePlayerView.swift; sourceTree = "<group>"; };
		7CAA5DFD2473029400ADD087 /* FavoritePodcastCell.swift */ = {isa = PBXFileReference; lastKnownFileType = sourcecode.swift; path = FavoritePodcastCell.swift; sourceTree = "<group>"; };
		7CAA5E0424732E2300ADD087 /* UserDefaultsFavoritePodcastStorage.swift */ = {isa = PBXFileReference; lastKnownFileType = sourcecode.swift; path = UserDefaultsFavoritePodcastStorage.swift; sourceTree = "<group>"; };
		7CDB722824797EB600EF487D /* Main.storyboard */ = {isa = PBXFileReference; lastKnownFileType = file.storyboard; path = Main.storyboard; sourceTree = "<group>"; };
		7CDCCB4E24A366DE00E26752 /* ImageFetcher.swift */ = {isa = PBXFileReference; lastKnownFileType = sourcecode.swift; path = ImageFetcher.swift; sourceTree = "<group>"; };
		7CDCCB5024A36EC900E26752 /* Cache.swift */ = {isa = PBXFileReference; lastKnownFileType = sourcecode.swift; path = Cache.swift; sourceTree = "<group>"; };
		7CDCCB5224A3934E00E26752 /* AsyncImageView.swift */ = {isa = PBXFileReference; lastKnownFileType = sourcecode.swift; path = AsyncImageView.swift; sourceTree = "<group>"; };
		7CDCCB5424A39E2200E26752 /* DefferedBlock.swift */ = {isa = PBXFileReference; lastKnownFileType = sourcecode.swift; path = DefferedBlock.swift; sourceTree = "<group>"; };
		7CEC7A702485AB30008FB3FC /* downsample.swift */ = {isa = PBXFileReference; lastKnownFileType = sourcecode.swift; path = downsample.swift; sourceTree = "<group>"; };
		7CEC7A742485BF46008FB3FC /* Caching.swift */ = {isa = PBXFileReference; lastKnownFileType = sourcecode.swift; path = Caching.swift; sourceTree = "<group>"; };
		7CEC7A762485C497008FB3FC /* FileSystemLRUCache.swift */ = {isa = PBXFileReference; lastKnownFileType = sourcecode.swift; path = FileSystemLRUCache.swift; sourceTree = "<group>"; };
		7CEC7A782485C4BA008FB3FC /* AnyCache.swift */ = {isa = PBXFileReference; lastKnownFileType = sourcecode.swift; path = AnyCache.swift; sourceTree = "<group>"; };
		7CEC7A7F248711BB008FB3FC /* EpisodesViewModel.swift */ = {isa = PBXFileReference; lastKnownFileType = sourcecode.swift; path = EpisodesViewModel.swift; sourceTree = "<group>"; };
		7CEC7A81248711C6008FB3FC /* EpisodeCellViewModel.swift */ = {isa = PBXFileReference; lastKnownFileType = sourcecode.swift; path = EpisodeCellViewModel.swift; sourceTree = "<group>"; };
		7CEC7A8324871216008FB3FC /* EpisodeModel.swift */ = {isa = PBXFileReference; lastKnownFileType = sourcecode.swift; path = EpisodeModel.swift; sourceTree = "<group>"; };
		7CEC7A8524871655008FB3FC /* FavoriteButtonItem.swift */ = {isa = PBXFileReference; lastKnownFileType = sourcecode.swift; path = FavoriteButtonItem.swift; sourceTree = "<group>"; };
		7CEC7A8724871B67008FB3FC /* executeOnce.swift */ = {isa = PBXFileReference; lastKnownFileType = sourcecode.swift; path = executeOnce.swift; sourceTree = "<group>"; };
		7CEC7A89248720C0008FB3FC /* Atomic.swift */ = {isa = PBXFileReference; lastKnownFileType = sourcecode.swift; path = Atomic.swift; sourceTree = "<group>"; };
		7CEDAD692470247300DACFE5 /* AppPlayerViewAnimations.swift */ = {isa = PBXFileReference; lastKnownFileType = sourcecode.swift; path = AppPlayerViewAnimations.swift; sourceTree = "<group>"; };
		7CEF30212468D3CC0045AB91 /* LockScreenPlayerController.swift */ = {isa = PBXFileReference; lastKnownFileType = sourcecode.swift; path = LockScreenPlayerController.swift; sourceTree = "<group>"; };
		7CEF30232468D3DC0045AB91 /* MediaCenterPlayerController.swift */ = {isa = PBXFileReference; lastKnownFileType = sourcecode.swift; path = MediaCenterPlayerController.swift; sourceTree = "<group>"; };
		7CEF30252468D4CA0045AB91 /* Player.swift */ = {isa = PBXFileReference; lastKnownFileType = sourcecode.swift; path = Player.swift; sourceTree = "<group>"; };
		7CEF3044246934B80045AB91 /* EpisodesModel.swift */ = {isa = PBXFileReference; fileEncoding = 4; lastKnownFileType = sourcecode.swift; path = EpisodesModel.swift; sourceTree = "<group>"; };
		7CF237B424622F8F00B7A09F /* MaximizePlayerView.xib */ = {isa = PBXFileReference; lastKnownFileType = file.xib; path = MaximizePlayerView.xib; sourceTree = "<group>"; };
		7CF237B6246364CE00B7A09F /* AppPlayerController.swift */ = {isa = PBXFileReference; lastKnownFileType = sourcecode.swift; path = AppPlayerController.swift; sourceTree = "<group>"; };
		7CF237BA2466529300B7A09F /* CMTime.swift */ = {isa = PBXFileReference; lastKnownFileType = sourcecode.swift; path = CMTime.swift; sourceTree = "<group>"; };
		7CF237BC246779AE00B7A09F /* AppPlayerView.swift */ = {isa = PBXFileReference; fileEncoding = 4; lastKnownFileType = sourcecode.swift; path = AppPlayerView.swift; sourceTree = "<group>"; };
		7CF33CF024794D8C0013E9FA /* EpisodeRecordRepository.swift */ = {isa = PBXFileReference; lastKnownFileType = sourcecode.swift; path = EpisodeRecordRepository.swift; sourceTree = "<group>"; };
		7CF4788B2491AD3E0067D437 /* EpisodeRecordDescriptor.swift */ = {isa = PBXFileReference; fileEncoding = 4; lastKnownFileType = sourcecode.swift; path = EpisodeRecordDescriptor.swift; sourceTree = "<group>"; };
		7CF4788D249A93940067D437 /* FavoritePodcastsViewModel.swift */ = {isa = PBXFileReference; lastKnownFileType = sourcecode.swift; path = FavoritePodcastsViewModel.swift; sourceTree = "<group>"; };
		7CF4788F249A93D90067D437 /* FavoritePodcastCellViewModel.swift */ = {isa = PBXFileReference; lastKnownFileType = sourcecode.swift; path = FavoritePodcastCellViewModel.swift; sourceTree = "<group>"; };
		7CF47891249E02A70067D437 /* DownloadedEpisodesViewModel.swift */ = {isa = PBXFileReference; lastKnownFileType = sourcecode.swift; path = DownloadedEpisodesViewModel.swift; sourceTree = "<group>"; };
		7CFF670324ACE820007B80FA /* EpisodeRecordFetching.swift */ = {isa = PBXFileReference; fileEncoding = 4; lastKnownFileType = sourcecode.swift; path = EpisodeRecordFetching.swift; sourceTree = "<group>"; };
		7CFF671324BCFC24007B80FA /* URLComponents.swift */ = {isa = PBXFileReference; lastKnownFileType = sourcecode.swift; path = URLComponents.swift; sourceTree = "<group>"; };
		7CFF671524BCFC7B007B80FA /* RecordDownloader.swift */ = {isa = PBXFileReference; lastKnownFileType = sourcecode.swift; path = RecordDownloader.swift; sourceTree = "<group>"; };
		7CFF671724BF6FC7007B80FA /* TrackList.swift */ = {isa = PBXFileReference; lastKnownFileType = sourcecode.swift; path = TrackList.swift; sourceTree = "<group>"; };
		7CFF671924BF6FF4007B80FA /* Track.swift */ = {isa = PBXFileReference; lastKnownFileType = sourcecode.swift; path = Track.swift; sourceTree = "<group>"; };
		B9112CDE2492241F00E0995E /* PlayingTrackManaging.swift */ = {isa = PBXFileReference; lastKnownFileType = sourcecode.swift; path = PlayingTrackManaging.swift; sourceTree = "<group>"; };
		B9112CE02492263700E0995E /* DownloadedEpisodesModel.swift */ = {isa = PBXFileReference; lastKnownFileType = sourcecode.swift; path = DownloadedEpisodesModel.swift; sourceTree = "<group>"; };
		B913BFAE24BD953900115A03 /* URLSessionScheduler.swift */ = {isa = PBXFileReference; lastKnownFileType = sourcecode.swift; path = URLSessionScheduler.swift; sourceTree = "<group>"; };
		B913BFB024BD958600115A03 /* URLSessionSchedulable.swift */ = {isa = PBXFileReference; lastKnownFileType = sourcecode.swift; path = URLSessionSchedulable.swift; sourceTree = "<group>"; };
		B91E6D7F248A657100019AEC /* FavoritePodcastsStoraging.swift */ = {isa = PBXFileReference; lastKnownFileType = sourcecode.swift; path = FavoritePodcastsStoraging.swift; sourceTree = "<group>"; };
		B91E6D85248A6A7E00019AEC /* EpisodeFetching.swift */ = {isa = PBXFileReference; lastKnownFileType = sourcecode.swift; path = EpisodeFetching.swift; sourceTree = "<group>"; };
		B91E6D87248A6A8A00019AEC /* PodcastFetching.swift */ = {isa = PBXFileReference; lastKnownFileType = sourcecode.swift; path = PodcastFetching.swift; sourceTree = "<group>"; };
		B91E6D91248A6F9200019AEC /* EpisodeRecordRepositoring.swift */ = {isa = PBXFileReference; lastKnownFileType = sourcecode.swift; path = EpisodeRecordRepositoring.swift; sourceTree = "<group>"; };
		B9685B7B24A1E8FC0030DCAF /* DownloadedEpisodeCellViewModel.swift */ = {isa = PBXFileReference; lastKnownFileType = sourcecode.swift; path = DownloadedEpisodeCellViewModel.swift; sourceTree = "<group>"; };
		B9685B7D24A1ECEF0030DCAF /* _EpisodeCellViewModel.swift */ = {isa = PBXFileReference; lastKnownFileType = sourcecode.swift; path = _EpisodeCellViewModel.swift; sourceTree = "<group>"; };
		B993FF1A249BB61200635B22 /* EpisodeCellOutput.swift */ = {isa = PBXFileReference; lastKnownFileType = sourcecode.swift; path = EpisodeCellOutput.swift; sourceTree = "<group>"; };
		B9958CAC2480FC8E00963BF0 /* TabBarAnimations.swift */ = {isa = PBXFileReference; lastKnownFileType = sourcecode.swift; path = TabBarAnimations.swift; sourceTree = "<group>"; };
		B9B121F124C02FF900A98D32 /* RecordDownloader+URLSessionSchedulable.swift */ = {isa = PBXFileReference; lastKnownFileType = sourcecode.swift; path = "RecordDownloader+URLSessionSchedulable.swift"; sourceTree = "<group>"; };
		B9B121F424C0303B00A98D32 /* RecordDownloader+URLSessionDownloadDelegate.swift */ = {isa = PBXFileReference; lastKnownFileType = sourcecode.swift; path = "RecordDownloader+URLSessionDownloadDelegate.swift"; sourceTree = "<group>"; };
		B9B3E64C24C070B700CDFD10 /* NetworkReachability.swift */ = {isa = PBXFileReference; lastKnownFileType = sourcecode.swift; path = NetworkReachability.swift; sourceTree = "<group>"; };
		B9E57DF6247D4B560009A8E4 /* OrderedDictionary.swift */ = {isa = PBXFileReference; lastKnownFileType = sourcecode.swift; path = OrderedDictionary.swift; sourceTree = "<group>"; };
/* End PBXFileReference section */

/* Begin PBXFrameworksBuildPhase section */
		7C35EE462460CBD30029DA95 /* Frameworks */ = {
			isa = PBXFrameworksBuildPhase;
			buildActionMask = 2147483647;
			files = (
				7CFF66FF24AB9C55007B80FA /* PromiseKit in Frameworks */,
				B9B3E65024C071B100CDFD10 /* Reachability in Frameworks */,
				7CFF670224AB9C64007B80FA /* FeedKit in Frameworks */,
			);
			runOnlyForDeploymentPostprocessing = 0;
		};
/* End PBXFrameworksBuildPhase section */

/* Begin PBXGroup section */
		7C35EE402460CBD20029DA95 = {
			isa = PBXGroup;
			children = (
				7C35EE4B2460CBD30029DA95 /* Podcasts */,
				7C35EE4A2460CBD30029DA95 /* Products */,
			);
			sourceTree = "<group>";
		};
		7C35EE4A2460CBD30029DA95 /* Products */ = {
			isa = PBXGroup;
			children = (
				7C35EE492460CBD30029DA95 /* Podcasts.app */,
			);
			name = Products;
			sourceTree = "<group>";
		};
		7C35EE4B2460CBD30029DA95 /* Podcasts */ = {
			isa = PBXGroup;
			children = (
				B91E6D9B248A7CD700019AEC /* Support */,
				B91E6D7C248A632600019AEC /* Protocols */,
				7CAA5E06247337C300ADD087 /* Storages */,
				7CEF30322468EDE80045AB91 /* Library */,
				7C466D4B246214D60014D33A /* Extensions */,
				7C940CAA246E0CEA000B2DF3 /* Caches */,
				7C466D382460FEE90014D33A /* Networking */,
				7C466D3B246186C80014D33A /* Views */,
				7C35EE652460D6B20029DA95 /* Models */,
				7CEC7A7E2486FDF2008FB3FC /* ViewModels */,
				7C35EE622460D62B0029DA95 /* Controllers */,
				7C3654D12475FFDB00EB68C4 /* Infrastructure */,
				7C35EE5A2460CBD50029DA95 /* Info.plist */,
				7C35EE4E2460CBD30029DA95 /* SceneDelegate.swift */,
				7C35EE4C2460CBD30029DA95 /* AppDelegate.swift */,
			);
			path = Podcasts;
			sourceTree = "<group>";
		};
		7C35EE622460D62B0029DA95 /* Controllers */ = {
			isa = PBXGroup;
			children = (
				7CEDAD5B247021F300DACFE5 /* MainTabBarController */,
				7C994B5B246C96D600B8C628 /* PlayerControllers */,
				7C35EE632460D63D0029DA95 /* PodcastsSearchController.swift */,
				7C466D402461E6860014D33A /* EpisodesController.swift */,
				7C6BAD4F24A104FB005B6761 /* FavoritesPodcastController.swift */,
				7C3654C22475D0F200EB68C4 /* DownloadedEpisodesController.swift */,
			);
			path = Controllers;
			sourceTree = "<group>";
		};
		7C35EE652460D6B20029DA95 /* Models */ = {
			isa = PBXGroup;
			children = (
				7CF4788B2491AD3E0067D437 /* EpisodeRecordDescriptor.swift */,
				7CF33CF024794D8C0013E9FA /* EpisodeRecordRepository.swift */,
				7C466D49246205C10014D33A /* Episode.swift */,
				7C35EE662460D6C30029DA95 /* Podcast.swift */,
				7CEF30252468D4CA0045AB91 /* Player.swift */,
				7CFF671924BF6FF4007B80FA /* Track.swift */,
				7CFF671724BF6FC7007B80FA /* TrackList.swift */,
				7CEF3044246934B80045AB91 /* EpisodesModel.swift */,
				7CEC7A8324871216008FB3FC /* EpisodeModel.swift */,
				7C3654CD2475FE4700EB68C4 /* FavoritePodcastsModel.swift */,
				B9112CE02492263700E0995E /* DownloadedEpisodesModel.swift */,
			);
			path = Models;
			sourceTree = "<group>";
		};
		7C3654D12475FFDB00EB68C4 /* Infrastructure */ = {
			isa = PBXGroup;
			children = (
				7C17D0602475A4F300BD158E /* ServiceLocator.swift */,
				B913BFAE24BD953900115A03 /* URLSessionScheduler.swift */,
			);
			path = Infrastructure;
			sourceTree = "<group>";
		};
		7C466D382460FEE90014D33A /* Networking */ = {
			isa = PBXGroup;
			children = (
				B9B121F324C0300300A98D32 /* RecordDownloader */,
				7C466D392460FEF70014D33A /* ITunesService.swift */,
				B9B3E64C24C070B700CDFD10 /* NetworkReachability.swift */,
			);
			path = Networking;
			sourceTree = "<group>";
		};
		7C466D3B246186C80014D33A /* Views */ = {
			isa = PBXGroup;
			children = (
				7CEDAD712470259000DACFE5 /* AppPlayerViews */,
				7C466D3E246188E10014D33A /* PodcastCell.swift */,
				7C466D3C246186DE0014D33A /* PodcastCell.xib */,
				7C466D45246204F90014D33A /* EpisodeCell.swift */,
				7C466D46246204F90014D33A /* EpisodeCell.xib */,
				7CAA5DFD2473029400ADD087 /* FavoritePodcastCell.swift */,
				7CEC7A8524871655008FB3FC /* FavoriteButtonItem.swift */,
				7CDCCB5224A3934E00E26752 /* AsyncImageView.swift */,
			);
			path = Views;
			sourceTree = "<group>";
		};
		7C466D4B246214D60014D33A /* Extensions */ = {
			isa = PBXGroup;
			children = (
				7C466D4C246214E90014D33A /* URL.swift */,
				7C466D4E246216530014D33A /* RSSFeed.swift */,
				7CF237BA2466529300B7A09F /* CMTime.swift */,
				7C3654CF2475FE8E00EB68C4 /* Array.swift */,
				7C3654DE24774A8100EB68C4 /* UIImage.swift */,
				7C6BAD4B249E38D2005B6761 /* UISearchController.swift */,
				7CFF671324BCFC24007B80FA /* URLComponents.swift */,
			);
			path = Extensions;
			sourceTree = "<group>";
		};
		7C940CAA246E0CEA000B2DF3 /* Caches */ = {
			isa = PBXGroup;
			children = (
				7CEC7A762485C497008FB3FC /* FileSystemLRUCache.swift */,
			);
			path = Caches;
			sourceTree = "<group>";
		};
		7C994B5B246C96D600B8C628 /* PlayerControllers */ = {
			isa = PBXGroup;
			children = (
				7CEDAD682470244600DACFE5 /* AppPlayerController */,
				7CEF30212468D3CC0045AB91 /* LockScreenPlayerController.swift */,
				7CEF30232468D3DC0045AB91 /* MediaCenterPlayerController.swift */,
			);
			path = PlayerControllers;
			sourceTree = "<group>";
		};
		7CAA5E06247337C300ADD087 /* Storages */ = {
			isa = PBXGroup;
			children = (
				7CAA5E0424732E2300ADD087 /* UserDefaultsFavoritePodcastStorage.swift */,
				7C3654C72475FB7900EB68C4 /* FileSystemRecordsStorage.swift */,
			);
			path = Storages;
			sourceTree = "<group>";
		};
		7CD90311247D976500838192 /* DataStructures */ = {
			isa = PBXGroup;
			children = (
				B9E57DF6247D4B560009A8E4 /* OrderedDictionary.swift */,
			);
			path = DataStructures;
			sourceTree = "<group>";
		};
		7CEC7A7E2486FDF2008FB3FC /* ViewModels */ = {
			isa = PBXGroup;
			children = (
				7C3654CB2475FE2E00EB68C4 /* PodcastsSearchViewModel.swift */,
				7C643728249E1F590090BAE8 /* PodcastCellViewModel.swift */,
				7CEC7A7F248711BB008FB3FC /* EpisodesViewModel.swift */,
				7CEC7A81248711C6008FB3FC /* EpisodeCellViewModel.swift */,
				7CF4788D249A93940067D437 /* FavoritePodcastsViewModel.swift */,
				7CF4788F249A93D90067D437 /* FavoritePodcastCellViewModel.swift */,
				7CF47891249E02A70067D437 /* DownloadedEpisodesViewModel.swift */,
				B9685B7B24A1E8FC0030DCAF /* DownloadedEpisodeCellViewModel.swift */,
				B9685B7D24A1ECEF0030DCAF /* _EpisodeCellViewModel.swift */,
			);
			path = ViewModels;
			sourceTree = "<group>";
		};
		7CEDAD5B247021F300DACFE5 /* MainTabBarController */ = {
			isa = PBXGroup;
			children = (
				B9958CAC2480FC8E00963BF0 /* TabBarAnimations.swift */,
				7C35EE602460CC0E0029DA95 /* MainTabBarController.swift */,
			);
			path = MainTabBarController;
			sourceTree = "<group>";
		};
		7CEDAD682470244600DACFE5 /* AppPlayerController */ = {
			isa = PBXGroup;
			children = (
				7CEDAD692470247300DACFE5 /* AppPlayerViewAnimations.swift */,
				7CF237B6246364CE00B7A09F /* AppPlayerController.swift */,
			);
			path = AppPlayerController;
			sourceTree = "<group>";
		};
		7CEDAD712470259000DACFE5 /* AppPlayerViews */ = {
			isa = PBXGroup;
			children = (
				7CF237B424622F8F00B7A09F /* MaximizePlayerView.xib */,
				7CA423AC246788BB009C4A18 /* MaximizePlayerView.swift */,
				7CA423A824678874009C4A18 /* MinimizePlayerView.xib */,
				7CA423AA246788B0009C4A18 /* MinimizePlayerView.swift */,
				7CF237BC246779AE00B7A09F /* AppPlayerView.swift */,
			);
			path = AppPlayerViews;
			sourceTree = "<group>";
		};
		7CEF30322468EDE80045AB91 /* Library */ = {
			isa = PBXGroup;
			children = (
				B91E6D8C248A6CBB00019AEC /* Helpers */,
				B91E6D8B248A6C8100019AEC /* Functions */,
				7CD90311247D976500838192 /* DataStructures */,
			);
			path = Library;
			sourceTree = "<group>";
		};
		B91E6D7C248A632600019AEC /* Protocols */ = {
			isa = PBXGroup;
			children = (
				7CEC7A742485BF46008FB3FC /* Caching.swift */,
				B91E6D7F248A657100019AEC /* FavoritePodcastsStoraging.swift */,
				B91E6D85248A6A7E00019AEC /* EpisodeFetching.swift */,
				B91E6D87248A6A8A00019AEC /* PodcastFetching.swift */,
				B91E6D91248A6F9200019AEC /* EpisodeRecordRepositoring.swift */,
				7C3F94012491A2A700835B7D /* EpisodeRecordStoraging.swift */,
				7CFF670324ACE820007B80FA /* EpisodeRecordFetching.swift */,
				7C3F93FB249015F100835B7D /* TrackListPlaying.swift */,
				B9112CDE2492241F00E0995E /* PlayingTrackManaging.swift */,
				B993FF1A249BB61200635B22 /* EpisodeCellOutput.swift */,
				B913BFB024BD958600115A03 /* URLSessionSchedulable.swift */,
			);
			path = Protocols;
			sourceTree = "<group>";
		};
		B91E6D8B248A6C8100019AEC /* Functions */ = {
			isa = PBXGroup;
			children = (
				7CEC7A702485AB30008FB3FC /* downsample.swift */,
				7CEC7A8724871B67008FB3FC /* executeOnce.swift */,
			);
			path = Functions;
			sourceTree = "<group>";
		};
		B91E6D8C248A6CBB00019AEC /* Helpers */ = {
			isa = PBXGroup;
			children = (
				7C3F93F92490021500835B7D /* AsyncOperationCanceller.swift */,
				7C13FB672483E5FC0029E287 /* Subscription.swift */,
				7C3F93FF2491852D00835B7D /* Subscribers.swift */,
				7CEC7A782485C4BA008FB3FC /* AnyCache.swift */,
				7CEC7A89248720C0008FB3FC /* Atomic.swift */,
				7CDCCB4E24A366DE00E26752 /* ImageFetcher.swift */,
				7CDCCB5024A36EC900E26752 /* Cache.swift */,
				7CDCCB5424A39E2200E26752 /* DefferedBlock.swift */,
			);
			path = Helpers;
			sourceTree = "<group>";
		};
		B91E6D9B248A7CD700019AEC /* Support */ = {
			isa = PBXGroup;
			children = (
				7CDB722824797EB600EF487D /* Main.storyboard */,
				7C35EE572460CBD50029DA95 /* LaunchScreen.storyboard */,
				7C35EE552460CBD50029DA95 /* Assets.xcassets */,
			);
			path = Support;
			sourceTree = "<group>";
		};
		B9B121F324C0300300A98D32 /* RecordDownloader */ = {
			isa = PBXGroup;
			children = (
				7CFF671524BCFC7B007B80FA /* RecordDownloader.swift */,
				B9B121F124C02FF900A98D32 /* RecordDownloader+URLSessionSchedulable.swift */,
				B9B121F424C0303B00A98D32 /* RecordDownloader+URLSessionDownloadDelegate.swift */,
			);
			path = RecordDownloader;
			sourceTree = "<group>";
		};
/* End PBXGroup section */

/* Begin PBXNativeTarget section */
		7C35EE482460CBD30029DA95 /* Podcasts */ = {
			isa = PBXNativeTarget;
			buildConfigurationList = 7C35EE5D2460CBD50029DA95 /* Build configuration list for PBXNativeTarget "Podcasts" */;
			buildPhases = (
				7C35EE452460CBD30029DA95 /* Sources */,
				7C35EE462460CBD30029DA95 /* Frameworks */,
				7C35EE472460CBD30029DA95 /* Resources */,
			);
			buildRules = (
			);
			dependencies = (
			);
			name = Podcasts;
			packageProductDependencies = (
				7CFF66FE24AB9C55007B80FA /* PromiseKit */,
				7CFF670124AB9C64007B80FA /* FeedKit */,
				B9B3E64F24C071B100CDFD10 /* Reachability */,
			);
			productName = Podcasts;
			productReference = 7C35EE492460CBD30029DA95 /* Podcasts.app */;
			productType = "com.apple.product-type.application";
		};
/* End PBXNativeTarget section */

/* Begin PBXProject section */
		7C35EE412460CBD20029DA95 /* Project object */ = {
			isa = PBXProject;
			attributes = {
				LastSwiftUpdateCheck = 1130;
				LastUpgradeCheck = 1130;
				ORGANIZATIONNAME = "Олег Черных";
				TargetAttributes = {
					7C35EE482460CBD30029DA95 = {
						CreatedOnToolsVersion = 11.3;
						LastSwiftMigration = 1130;
					};
				};
			};
			buildConfigurationList = 7C35EE442460CBD20029DA95 /* Build configuration list for PBXProject "Podcasts" */;
			compatibilityVersion = "Xcode 9.3";
			developmentRegion = en;
			hasScannedForEncodings = 0;
			knownRegions = (
				en,
				Base,
			);
			mainGroup = 7C35EE402460CBD20029DA95;
			packageReferences = (
				7CFF66FD24AB9C55007B80FA /* XCRemoteSwiftPackageReference "PromiseKit" */,
				7CFF670024AB9C64007B80FA /* XCRemoteSwiftPackageReference "FeedKit" */,
				B9B3E64E24C071B100CDFD10 /* XCRemoteSwiftPackageReference "Reachability" */,
			);
			productRefGroup = 7C35EE4A2460CBD30029DA95 /* Products */;
			projectDirPath = "";
			projectRoot = "";
			targets = (
				7C35EE482460CBD30029DA95 /* Podcasts */,
			);
		};
/* End PBXProject section */

/* Begin PBXResourcesBuildPhase section */
		7C35EE472460CBD30029DA95 /* Resources */ = {
			isa = PBXResourcesBuildPhase;
			buildActionMask = 2147483647;
			files = (
				7CDB722924797EB600EF487D /* Main.storyboard in Resources */,
				7C35EE592460CBD50029DA95 /* LaunchScreen.storyboard in Resources */,
				7CF237B524622F8F00B7A09F /* MaximizePlayerView.xib in Resources */,
				7C35EE562460CBD50029DA95 /* Assets.xcassets in Resources */,
				7C466D48246204F90014D33A /* EpisodeCell.xib in Resources */,
				7C466D3D246186DE0014D33A /* PodcastCell.xib in Resources */,
				7CA423A924678874009C4A18 /* MinimizePlayerView.xib in Resources */,
			);
			runOnlyForDeploymentPostprocessing = 0;
		};
/* End PBXResourcesBuildPhase section */

/* Begin PBXSourcesBuildPhase section */
		7C35EE452460CBD30029DA95 /* Sources */ = {
			isa = PBXSourcesBuildPhase;
			buildActionMask = 2147483647;
			files = (
				7CEF30262468D4CA0045AB91 /* Player.swift in Sources */,
				7CEC7A712485AB30008FB3FC /* downsample.swift in Sources */,
				7CF237BB2466529300B7A09F /* CMTime.swift in Sources */,
				B91E6D86248A6A7E00019AEC /* EpisodeFetching.swift in Sources */,
				7C6BAD5024A104FB005B6761 /* FavoritesPodcastController.swift in Sources */,
				7CF237B7246364CE00B7A09F /* AppPlayerController.swift in Sources */,
				7C13FB682483E5FC0029E287 /* Subscription.swift in Sources */,
				7C3F94002491852D00835B7D /* Subscribers.swift in Sources */,
				7C466D4F246216530014D33A /* RSSFeed.swift in Sources */,
				B91E6D92248A6F9200019AEC /* EpisodeRecordRepositoring.swift in Sources */,
				7CF237BD246779AE00B7A09F /* AppPlayerView.swift in Sources */,
				7CEC7A752485BF46008FB3FC /* Caching.swift in Sources */,
				B9685B7C24A1E8FC0030DCAF /* DownloadedEpisodeCellViewModel.swift in Sources */,
				7CEC7A8624871655008FB3FC /* FavoriteButtonItem.swift in Sources */,
				B91E6D88248A6A8A00019AEC /* PodcastFetching.swift in Sources */,
				7CFF671824BF6FC7007B80FA /* TrackList.swift in Sources */,
				7C466D3A2460FEF70014D33A /* ITunesService.swift in Sources */,
				B913BFAF24BD953900115A03 /* URLSessionScheduler.swift in Sources */,
				B9958CAD2480FC8E00963BF0 /* TabBarAnimations.swift in Sources */,
				7C643729249E1F590090BAE8 /* PodcastCellViewModel.swift in Sources */,
				7CEC7A792485C4BA008FB3FC /* AnyCache.swift in Sources */,
				7C6BAD4C249E38D2005B6761 /* UISearchController.swift in Sources */,
				7C466D3F246188E10014D33A /* PodcastCell.swift in Sources */,
				7CFF671A24BF6FF4007B80FA /* Track.swift in Sources */,
				7CA423AB246788B0009C4A18 /* MinimizePlayerView.swift in Sources */,
				7C35EE4D2460CBD30029DA95 /* AppDelegate.swift in Sources */,
				7CDCCB5324A3934E00E26752 /* AsyncImageView.swift in Sources */,
				B993FF1B249BB61200635B22 /* EpisodeCellOutput.swift in Sources */,
				B9685B7E24A1ECEF0030DCAF /* _EpisodeCellViewModel.swift in Sources */,
				7CAA5DFE2473029400ADD087 /* FavoritePodcastCell.swift in Sources */,
				7C466D412461E6860014D33A /* EpisodesController.swift in Sources */,
				7C466D4A246205C10014D33A /* Episode.swift in Sources */,
				7CEDAD6A2470247300DACFE5 /* AppPlayerViewAnimations.swift in Sources */,
				B913BFB124BD958600115A03 /* URLSessionSchedulable.swift in Sources */,
				7C466D47246204F90014D33A /* EpisodeCell.swift in Sources */,
				7C3654C82475FB7900EB68C4 /* FileSystemRecordsStorage.swift in Sources */,
				7C17D0612475A4F300BD158E /* ServiceLocator.swift in Sources */,
				7CFF671424BCFC24007B80FA /* URLComponents.swift in Sources */,
				7C3F93FC249015F100835B7D /* TrackListPlaying.swift in Sources */,
				7CEC7A772485C497008FB3FC /* FileSystemLRUCache.swift in Sources */,
				7C3654CE2475FE4700EB68C4 /* FavoritePodcastsModel.swift in Sources */,
				7C35EE672460D6C30029DA95 /* Podcast.swift in Sources */,
				7CDCCB4F24A366DE00E26752 /* ImageFetcher.swift in Sources */,
				7CFF671624BCFC7B007B80FA /* RecordDownloader.swift in Sources */,
				7CF47892249E02A70067D437 /* DownloadedEpisodesViewModel.swift in Sources */,
				7CDCCB5124A36EC900E26752 /* Cache.swift in Sources */,
				7C3654D02475FE8E00EB68C4 /* Array.swift in Sources */,
				B9E57DF7247D4B560009A8E4 /* OrderedDictionary.swift in Sources */,
				7C3F94022491A2A700835B7D /* EpisodeRecordStoraging.swift in Sources */,
				B9112CE12492263700E0995E /* DownloadedEpisodesModel.swift in Sources */,
				7CAA5E0524732E2300ADD087 /* UserDefaultsFavoritePodcastStorage.swift in Sources */,
				7C35EE612460CC0E0029DA95 /* MainTabBarController.swift in Sources */,
				7C3654DF24774A8100EB68C4 /* UIImage.swift in Sources */,
				7CEC7A82248711C6008FB3FC /* EpisodeCellViewModel.swift in Sources */,
				7CA423AD246788BB009C4A18 /* MaximizePlayerView.swift in Sources */,
				7C35EE642460D63D0029DA95 /* PodcastsSearchController.swift in Sources */,
				7CDCCB5524A39E2200E26752 /* DefferedBlock.swift in Sources */,
				7CF47890249A93D90067D437 /* FavoritePodcastCellViewModel.swift in Sources */,
				7CEF3045246934B80045AB91 /* EpisodesModel.swift in Sources */,
				7CEC7A8424871216008FB3FC /* EpisodeModel.swift in Sources */,
				7CF4788C2491AD3E0067D437 /* EpisodeRecordDescriptor.swift in Sources */,
				7C3654C32475D0F200EB68C4 /* DownloadedEpisodesController.swift in Sources */,
				7CFF670424ACE820007B80FA /* EpisodeRecordFetching.swift in Sources */,
				B9112CDF2492241F00E0995E /* PlayingTrackManaging.swift in Sources */,
				7C3F93FA2490021500835B7D /* AsyncOperationCanceller.swift in Sources */,
				B91E6D80248A657100019AEC /* FavoritePodcastsStoraging.swift in Sources */,
				7C35EE4F2460CBD30029DA95 /* SceneDelegate.swift in Sources */,
				7CF33CF124794D8C0013E9FA /* EpisodeRecordRepository.swift in Sources */,
				7CEF30242468D3DC0045AB91 /* MediaCenterPlayerController.swift in Sources */,
				B9B3E64D24C070B700CDFD10 /* NetworkReachability.swift in Sources */,
				7CEC7A8A248720C0008FB3FC /* Atomic.swift in Sources */,
				7CEC7A80248711BB008FB3FC /* EpisodesViewModel.swift in Sources */,
				7C3654CC2475FE2E00EB68C4 /* PodcastsSearchViewModel.swift in Sources */,
				7CEC7A8824871B67008FB3FC /* executeOnce.swift in Sources */,
				7CEF30222468D3CC0045AB91 /* LockScreenPlayerController.swift in Sources */,
				B9B121F224C02FF900A98D32 /* RecordDownloader+URLSessionSchedulable.swift in Sources */,
				7C466D4D246214E90014D33A /* URL.swift in Sources */,
				7CF4788E249A93940067D437 /* FavoritePodcastsViewModel.swift in Sources */,
				B9B121F524C0303B00A98D32 /* RecordDownloader+URLSessionDownloadDelegate.swift in Sources */,
			);
			runOnlyForDeploymentPostprocessing = 0;
		};
/* End PBXSourcesBuildPhase section */

/* Begin PBXVariantGroup section */
		7C35EE572460CBD50029DA95 /* LaunchScreen.storyboard */ = {
			isa = PBXVariantGroup;
			children = (
				7C35EE582460CBD50029DA95 /* Base */,
			);
			name = LaunchScreen.storyboard;
			sourceTree = "<group>";
		};
/* End PBXVariantGroup section */

/* Begin XCBuildConfiguration section */
		7C35EE5B2460CBD50029DA95 /* Debug */ = {
			isa = XCBuildConfiguration;
			buildSettings = {
				ALWAYS_SEARCH_USER_PATHS = NO;
				CLANG_ANALYZER_NONNULL = YES;
				CLANG_ANALYZER_NUMBER_OBJECT_CONVERSION = YES_AGGRESSIVE;
				CLANG_CXX_LANGUAGE_STANDARD = "gnu++14";
				CLANG_CXX_LIBRARY = "libc++";
				CLANG_ENABLE_MODULES = YES;
				CLANG_ENABLE_OBJC_ARC = YES;
				CLANG_ENABLE_OBJC_WEAK = YES;
				CLANG_WARN_BLOCK_CAPTURE_AUTORELEASING = YES;
				CLANG_WARN_BOOL_CONVERSION = YES;
				CLANG_WARN_COMMA = YES;
				CLANG_WARN_CONSTANT_CONVERSION = YES;
				CLANG_WARN_DEPRECATED_OBJC_IMPLEMENTATIONS = YES;
				CLANG_WARN_DIRECT_OBJC_ISA_USAGE = YES_ERROR;
				CLANG_WARN_DOCUMENTATION_COMMENTS = YES;
				CLANG_WARN_EMPTY_BODY = YES;
				CLANG_WARN_ENUM_CONVERSION = YES;
				CLANG_WARN_INFINITE_RECURSION = YES;
				CLANG_WARN_INT_CONVERSION = YES;
				CLANG_WARN_NON_LITERAL_NULL_CONVERSION = YES;
				CLANG_WARN_OBJC_IMPLICIT_RETAIN_SELF = YES;
				CLANG_WARN_OBJC_LITERAL_CONVERSION = YES;
				CLANG_WARN_OBJC_ROOT_CLASS = YES_ERROR;
				CLANG_WARN_RANGE_LOOP_ANALYSIS = YES;
				CLANG_WARN_STRICT_PROTOTYPES = YES;
				CLANG_WARN_SUSPICIOUS_MOVE = YES;
				CLANG_WARN_UNGUARDED_AVAILABILITY = YES_AGGRESSIVE;
				CLANG_WARN_UNREACHABLE_CODE = YES;
				CLANG_WARN__DUPLICATE_METHOD_MATCH = YES;
				COPY_PHASE_STRIP = NO;
				DEBUG_INFORMATION_FORMAT = dwarf;
				ENABLE_STRICT_OBJC_MSGSEND = YES;
				ENABLE_TESTABILITY = YES;
				GCC_C_LANGUAGE_STANDARD = gnu11;
				GCC_DYNAMIC_NO_PIC = NO;
				GCC_NO_COMMON_BLOCKS = YES;
				GCC_OPTIMIZATION_LEVEL = 0;
				GCC_PREPROCESSOR_DEFINITIONS = (
					"DEBUG=1",
					"$(inherited)",
				);
				GCC_WARN_64_TO_32_BIT_CONVERSION = YES;
				GCC_WARN_ABOUT_RETURN_TYPE = YES_ERROR;
				GCC_WARN_UNDECLARED_SELECTOR = YES;
				GCC_WARN_UNINITIALIZED_AUTOS = YES_AGGRESSIVE;
				GCC_WARN_UNUSED_FUNCTION = YES;
				GCC_WARN_UNUSED_VARIABLE = YES;
				IPHONEOS_DEPLOYMENT_TARGET = 13.2;
				MTL_ENABLE_DEBUG_INFO = INCLUDE_SOURCE;
				MTL_FAST_MATH = YES;
				ONLY_ACTIVE_ARCH = YES;
				PRECOMPS_INCLUDE_HEADERS_FROM_BUILT_PRODUCTS_DIR = YES;
				SDKROOT = iphoneos;
				SWIFT_ACTIVE_COMPILATION_CONDITIONS = DEBUG;
				SWIFT_COMPILATION_MODE = wholemodule;
				SWIFT_OPTIMIZATION_LEVEL = "-Onone";
			};
			name = Debug;
		};
		7C35EE5C2460CBD50029DA95 /* Release */ = {
			isa = XCBuildConfiguration;
			buildSettings = {
				ALWAYS_SEARCH_USER_PATHS = NO;
				CLANG_ANALYZER_NONNULL = YES;
				CLANG_ANALYZER_NUMBER_OBJECT_CONVERSION = YES_AGGRESSIVE;
				CLANG_CXX_LANGUAGE_STANDARD = "gnu++14";
				CLANG_CXX_LIBRARY = "libc++";
				CLANG_ENABLE_MODULES = YES;
				CLANG_ENABLE_OBJC_ARC = YES;
				CLANG_ENABLE_OBJC_WEAK = YES;
				CLANG_WARN_BLOCK_CAPTURE_AUTORELEASING = YES;
				CLANG_WARN_BOOL_CONVERSION = YES;
				CLANG_WARN_COMMA = YES;
				CLANG_WARN_CONSTANT_CONVERSION = YES;
				CLANG_WARN_DEPRECATED_OBJC_IMPLEMENTATIONS = YES;
				CLANG_WARN_DIRECT_OBJC_ISA_USAGE = YES_ERROR;
				CLANG_WARN_DOCUMENTATION_COMMENTS = YES;
				CLANG_WARN_EMPTY_BODY = YES;
				CLANG_WARN_ENUM_CONVERSION = YES;
				CLANG_WARN_INFINITE_RECURSION = YES;
				CLANG_WARN_INT_CONVERSION = YES;
				CLANG_WARN_NON_LITERAL_NULL_CONVERSION = YES;
				CLANG_WARN_OBJC_IMPLICIT_RETAIN_SELF = YES;
				CLANG_WARN_OBJC_LITERAL_CONVERSION = YES;
				CLANG_WARN_OBJC_ROOT_CLASS = YES_ERROR;
				CLANG_WARN_RANGE_LOOP_ANALYSIS = YES;
				CLANG_WARN_STRICT_PROTOTYPES = YES;
				CLANG_WARN_SUSPICIOUS_MOVE = YES;
				CLANG_WARN_UNGUARDED_AVAILABILITY = YES_AGGRESSIVE;
				CLANG_WARN_UNREACHABLE_CODE = YES;
				CLANG_WARN__DUPLICATE_METHOD_MATCH = YES;
				COPY_PHASE_STRIP = NO;
				DEBUG_INFORMATION_FORMAT = "dwarf-with-dsym";
				ENABLE_NS_ASSERTIONS = NO;
				ENABLE_STRICT_OBJC_MSGSEND = YES;
				GCC_C_LANGUAGE_STANDARD = gnu11;
				GCC_NO_COMMON_BLOCKS = YES;
				GCC_WARN_64_TO_32_BIT_CONVERSION = YES;
				GCC_WARN_ABOUT_RETURN_TYPE = YES_ERROR;
				GCC_WARN_UNDECLARED_SELECTOR = YES;
				GCC_WARN_UNINITIALIZED_AUTOS = YES_AGGRESSIVE;
				GCC_WARN_UNUSED_FUNCTION = YES;
				GCC_WARN_UNUSED_VARIABLE = YES;
				IPHONEOS_DEPLOYMENT_TARGET = 13.2;
				MTL_ENABLE_DEBUG_INFO = NO;
				MTL_FAST_MATH = YES;
				PRECOMPS_INCLUDE_HEADERS_FROM_BUILT_PRODUCTS_DIR = YES;
				SDKROOT = iphoneos;
				SWIFT_COMPILATION_MODE = wholemodule;
				SWIFT_OPTIMIZATION_LEVEL = "-O";
				VALIDATE_PRODUCT = YES;
			};
			name = Release;
		};
		7C35EE5E2460CBD50029DA95 /* Debug */ = {
			isa = XCBuildConfiguration;
			buildSettings = {
				ASSETCATALOG_COMPILER_APPICON_NAME = AppIcon;
				CLANG_ENABLE_MODULES = YES;
				CODE_SIGN_STYLE = Automatic;
				DEVELOPMENT_TEAM = YSK2488U5V;
				INFOPLIST_FILE = Podcasts/Info.plist;
				LD_RUNPATH_SEARCH_PATHS = (
					"$(inherited)",
					"@executable_path/Frameworks",
				);
				PRODUCT_BUNDLE_IDENTIFIER = petProjects.Podcasts;
				PRODUCT_NAME = "$(TARGET_NAME)";
				SWIFT_OPTIMIZATION_LEVEL = "-Onone";
				SWIFT_VERSION = 5.0;
				TARGETED_DEVICE_FAMILY = "1,2";
			};
			name = Debug;
		};
		7C35EE5F2460CBD50029DA95 /* Release */ = {
			isa = XCBuildConfiguration;
			buildSettings = {
				ASSETCATALOG_COMPILER_APPICON_NAME = AppIcon;
				CLANG_ENABLE_MODULES = YES;
				CODE_SIGN_STYLE = Automatic;
				DEVELOPMENT_TEAM = YSK2488U5V;
				INFOPLIST_FILE = Podcasts/Info.plist;
				LD_RUNPATH_SEARCH_PATHS = (
					"$(inherited)",
					"@executable_path/Frameworks",
				);
				PRODUCT_BUNDLE_IDENTIFIER = petProjects.Podcasts;
				PRODUCT_NAME = "$(TARGET_NAME)";
				SWIFT_VERSION = 5.0;
				TARGETED_DEVICE_FAMILY = "1,2";
			};
			name = Release;
		};
/* End XCBuildConfiguration section */

/* Begin XCConfigurationList section */
		7C35EE442460CBD20029DA95 /* Build configuration list for PBXProject "Podcasts" */ = {
			isa = XCConfigurationList;
			buildConfigurations = (
				7C35EE5B2460CBD50029DA95 /* Debug */,
				7C35EE5C2460CBD50029DA95 /* Release */,
			);
			defaultConfigurationIsVisible = 0;
			defaultConfigurationName = Release;
		};
		7C35EE5D2460CBD50029DA95 /* Build configuration list for PBXNativeTarget "Podcasts" */ = {
			isa = XCConfigurationList;
			buildConfigurations = (
				7C35EE5E2460CBD50029DA95 /* Debug */,
				7C35EE5F2460CBD50029DA95 /* Release */,
			);
			defaultConfigurationIsVisible = 0;
			defaultConfigurationName = Release;
		};
/* End XCConfigurationList section */

/* Begin XCRemoteSwiftPackageReference section */
		7CFF66FD24AB9C55007B80FA /* XCRemoteSwiftPackageReference "PromiseKit" */ = {
			isa = XCRemoteSwiftPackageReference;
			repositoryURL = "https://github.com/mxcl/PromiseKit";
			requirement = {
				kind = upToNextMajorVersion;
				minimumVersion = 6.13.2;
			};
		};
		7CFF670024AB9C64007B80FA /* XCRemoteSwiftPackageReference "FeedKit" */ = {
			isa = XCRemoteSwiftPackageReference;
			repositoryURL = "https://github.com/nmdias/FeedKit";
			requirement = {
				kind = upToNextMajorVersion;
				minimumVersion = 9.1.2;
			};
		};
		B9B3E64E24C071B100CDFD10 /* XCRemoteSwiftPackageReference "Reachability" */ = {
			isa = XCRemoteSwiftPackageReference;
			repositoryURL = "https://github.com/ashleymills/Reachability.swift";
			requirement = {
				kind = upToNextMajorVersion;
				minimumVersion = 5.0.0;
			};
		};
/* End XCRemoteSwiftPackageReference section */

/* Begin XCSwiftPackageProductDependency section */
		7CFF66FE24AB9C55007B80FA /* PromiseKit */ = {
			isa = XCSwiftPackageProductDependency;
			package = 7CFF66FD24AB9C55007B80FA /* XCRemoteSwiftPackageReference "PromiseKit" */;
			productName = PromiseKit;
		};
		7CFF670124AB9C64007B80FA /* FeedKit */ = {
			isa = XCSwiftPackageProductDependency;
			package = 7CFF670024AB9C64007B80FA /* XCRemoteSwiftPackageReference "FeedKit" */;
			productName = FeedKit;
		};
		B9B3E64F24C071B100CDFD10 /* Reachability */ = {
			isa = XCSwiftPackageProductDependency;
			package = B9B3E64E24C071B100CDFD10 /* XCRemoteSwiftPackageReference "Reachability" */;
			productName = Reachability;
		};
/* End XCSwiftPackageProductDependency section */
	};
	rootObject = 7C35EE412460CBD20029DA95 /* Project object */;
}
